
Microsoft Visual Studio Solution File, Format Version 12.00
# Visual Studio Version 17
VisualStudioVersion = 17.4.33213.308
MinimumVisualStudioVersion = 10.0.40219.1
Project("{FAE04EC0-301F-11D3-BF4B-00C04F79EFBC}") = "eWellness.Mailer", "eWellness.Mailer\eWellness.Mailer.csproj", "{127722F9-F08F-45FF-86C6-EFDC8D19EE83}"
EndProject
Global
	GlobalSection(SolutionConfigurationPlatforms) = preSolution
		Debug|Any CPU = Debug|Any CPU
		Release|Any CPU = Release|Any CPU
	EndGlobalSection
	GlobalSection(ProjectConfigurationPlatforms) = postSolution
		{127722F9-F08F-45FF-86C6-EFDC8D19EE83}.Debug|Any CPU.ActiveCfg = Debug|Any CPU
		{127722F9-F08F-45FF-86C6-EFDC8D19EE83}.Debug|Any CPU.Build.0 = Debug|Any CPU
		{127722F9-F08F-45FF-86C6-EFDC8D19EE83}.Release|Any CPU.ActiveCfg = Release|Any CPU
		{127722F9-F08F-45FF-86C6-EFDC8D19EE83}.Release|Any CPU.Build.0 = Release|Any CPU
	EndGlobalSection
	GlobalSection(SolutionProperties) = preSolution
		HideSolutionNode = FALSE
	EndGlobalSection
	GlobalSection(ExtensibilityGlobals) = postSolution
		SolutionGuid = {3802E17A-37E7-40FC-8DB5-A788E52411AF}
	EndGlobalSection
EndGlobal
